{
  "name": "bb-plugin-pi-gateways",
  "version": "0.3.0",
  "lockfileVersion": 3,
  "requires": true,
  "packages": {
    "": {
      "name": "bb-plugin-pi-gateways",
      "version": "0.3.0",
      "dependencies": {
        "@radix-ui/react-slot": "^1.3.0",
        "class-variance-authority": "^0.7.1",
        "clsx": "^2.1.1",
        "tailwind-merge": "^3.4.0",
        "zod": "^4.3.6"
      },
      "devDependencies": {
        "@get-bb/plugin-sdk": "0.4.8",
        "@types/node": "^22.0.0",
        "@types/react": "^19.0.0",
        "@types/react-dom": "^19.0.0",
        "sonner": "^2.0.8",
        "typescript": "^5.7.0"
      },
      "engines": {
        "bb": ">=0.39",
        "bbPluginSdk": ">=0.4.8"
      }
    },
    "node_modules/@get-bb/plugin-sdk": {
      "version": "0.4.8",
      "resolved": "https://registry.npmjs.org/@get-bb/plugin-sdk/-/plugin-sdk-0.4.8.tgz",
      "integrity": "sha512-C2gC0OMaAQmndGozFlctmgYwa5WbvhVK389r1KOfjuRpGME3axTQ6p6gq1UHw66y19bIX7VGzEwxvxNILReX0A==",
      "dev": true,
      "peerDependencies": {
        "@testing-library/react": "^16.3.2",
        "@types/better-sqlite3": "^7.6.12",
        "@types/react": "^19.0.0",
        "better-sqlite3": ">=12",
        "cron-parser": "^5.5.0",
        "hono": "^4.11.9",
        "react": "^19.0.0",
        "react-dom": "^19.0.0",
        "zod": "^4.3.6"
      },
      "peerDependenciesMeta": {
        "@testing-library/react": {
          "optional": true
        },
        "@types/better-sqlite3": {
          "optional": true
        },
        "@types/react": {
          "optional": true
        },
        "better-sqlite3": {
          "optional": true
        },
        "cron-parser": {
          "optional": true
        },
        "hono": {
          "optional": true
        },
        "react": {
          "optional": true
        },
        "react-dom": {
          "optional": true
        },
        "zod": {
          "optional": true
        }
      }
    },
    "node_modules/@radix-ui/react-compose-refs": {
      "version": "1.1.5",
      "resolved": "https://registry.npmjs.org/@radix-ui/react-compose-refs/-/react-compose-refs-1.1.5.tgz",
      "integrity": "sha512-+48PbAAbq3didjJxa+OaWY2ZwgAKsNiRGyeHKszblZMQ+kcpd9pAaT11cMkGEie0vsOi3QdeTE6d5Fe3Gn61kA==",
      "license": "MIT",
      "peerDependencies": {
        "@types/react": "*",
        "react": "^16.8 || ^17.0 || ^18.0 || ^19.0 || ^19.0.0-rc"
      },
      "peerDependenciesMeta": {
        "@types/react": {
          "optional": true
        }
      }
    },
    "node_modules/@radix-ui/react-slot": {
      "version": "1.3.3",
      "resolved": "https://registry.npmjs.org/@radix-ui/react-slot/-/react-slot-1.3.3.tgz",
      "integrity": "sha512-qx7oqnYbxnK9kYI9m317qmFmEgo6ywqWvbTogdj7cL9p3/yx4M48p7Rnw5z3H890cL/ow/EeWJsuTykeZVXP5Q==",
      "license": "MIT",
      "dependencies": {
        "@radix-ui/react-compose-refs": "1.1.5"
      },
      "peerDependencies": {
        "@types/react": "*",
        "react": "^16.8 || ^17.0 || ^18.0 || ^19.0 || ^19.0.0-rc"
      },
      "peerDependenciesMeta": {
        "@types/react": {
          "optional": true
        }
      }
    },
    "node_modules/@types/node": {
      "version": "22.20.1",
      "resolved": "https://registry.npmjs.org/@types/node/-/node-22.20.1.tgz",
      "integrity": "sha512-EANqOCF9QFyra+4pfxUcX9STKJpCLjMbObVzljIJomAWSnuSIEAvyzEU53GaajbXJEgdh0iEcPL+DGvpUd4k1Q==",
      "dev": true,
      "license": "MIT",
      "dependencies": {
        "undici-types": "~6.21.0"
      }
    },
    "node_modules/@types/react": {
      "version": "19.2.18",
      "resolved": "https://registry.npmjs.org/@types/react/-/react-19.2.18.tgz",
      "integrity": "sha512-AnzbBERsrLKtk2XSfTbYRLjQPdy116Sty4q+T+Bp3IC4l6jNBvreVPAHmpq9qhXQM7CXZPjLVmGMw9sy+hxQ3w==",
      "devOptional": true,
      "license": "MIT",
      "dependencies": {
        "csstype": "^3.2.2"
      }
    },
    "node_modules/@types/react-dom": {
      "version": "19.2.5",
      "resolved": "https://registry.npmjs.org/@types/react-dom/-/react-dom-19.2.5.tgz",
      "integrity": "sha512-fMPwH9v7r/pp43yUd2/Mbiex5KouJwwR3dzHkhLREUC6764VyDsqxhAxv6OFEYR1RhjOyD1naqba8ECDBe7ZQg==",
      "dev": true,
      "license": "MIT",
      "peerDependencies": {
        "@types/react": "^19.2.0"
      }
    },
    "node_modules/class-variance-authority": {
      "version": "0.7.1",
      "resolved": "https://registry.npmjs.org/class-variance-authority/-/class-variance-authority-0.7.1.tgz",
      "integrity": "sha512-Ka+9Trutv7G8M6WT6SeiRWz792K5qEqIGEGzXKhAE6xOWAY6pPH8U+9IY3oCMv6kqTmLsv7Xh/2w2RigkePMsg==",
      "license": "Apache-2.0",
      "dependencies": {
        "clsx": "^2.1.1"
      },
      "funding": {
        "url": "https://polar.sh/cva"
      }
    },
    "node_modules/clsx": {
      "version": "2.1.1",
      "resolved": "https://registry.npmjs.org/clsx/-/clsx-2.1.1.tgz",
      "integrity": "sha512-eYm0QWBtUrBWZWG0d386OGAw16Z995PiOVo2B7bjWSbHedGl5e0ZWaq65kOGgUSNesEIDkB9ISbTg/JK9dhCZA==",
      "license": "MIT",
      "engines": {
        "node": ">=6"
      }
    },
    "node_modules/csstype": {
      "version": "3.2.3",
      "resolved": "https://registry.npmjs.org/csstype/-/csstype-3.2.3.tgz",
      "integrity": "sha512-z1HGKcYy2xA8AGQfwrn0PAy+PB7X/GSj3UVJW9qKyn43xWa+gl5nXmU4qqLMRzWVLFC8KusUX8T/0kCiOYpAIQ==",
      "devOptional": true,
      "license": "MIT"
    },
    "node_modules/react": {
      "version": "19.2.8",
      "resolved": "https://registry.npmjs.org/react/-/react-19.2.8.tgz",
      "integrity": "sha512-PWaYA1L/q9u2u7xYQi+Y3L3Yfnie7XyLeaJICV1MGD6LprsBxcAqGjYyr0eY3p+QdsA+x/Irkt4Qif8D63+Sbw==",
      "license": "MIT",
      "peer": true,
      "engines": {
        "node": ">=0.10.0"
      }
    },
    "node_modules/react-dom": {
      "version": "19.2.8",
      "resolved": "https://registry.npmjs.org/react-dom/-/react-dom-19.2.8.tgz",
      "integrity": "sha512-rVprimfGBG3DR+Tq0IQG2DT5PxKth1WIGDmj5yPmlzr4YBe7uyE+Du4oVqTDXZSHGGGXRtTJEGSSePyQCMBglQ==",
      "dev": true,
      "license": "MIT",
      "peer": true,
      "dependencies": {
        "scheduler": "^0.27.0"
      },
      "peerDependencies": {
        "react": "^19.2.8"
      }
    },
    "node_modules/scheduler": {
      "version": "0.27.0",
      "resolved": "https://registry.npmjs.org/scheduler/-/scheduler-0.27.0.tgz",
      "integrity": "sha512-eNv+WrVbKu1f3vbYJT/xtiF5syA5HPIMtf9IgY/nKg0sWqzAUEvqY/xm7OcZc/qafLx/iO9FgOmeSAp4v5ti/Q==",
      "dev": true,
      "license": "MIT",
      "peer": true
    },
    "node_modules/sonner": {
      "version": "2.0.8",
      "resolved": "https://registry.npmjs.org/sonner/-/sonner-2.0.8.tgz",
      "integrity": "sha512-UM/ByIoFra8yzV75n1o0Puu0bw5U/9UNnDacrJNspekBewIfsQ3D6ez1nvlWpt7aTsO6rujQtifBpycwIivqlg==",
      "dev": true,
      "license": "MIT",
      "peerDependencies": {
        "@types/react": "^18.0.0 || ^19.0.0",
        "react": "^18.0.0 || ^19.0.0 || ^19.0.0-rc",
        "react-dom": "^18.0.0 || ^19.0.0 || ^19.0.0-rc"
      },
      "peerDependenciesMeta": {
        "@types/react": {
          "optional": true
        }
      }
    },
    "node_modules/tailwind-merge": {
      "version": "3.6.0",
      "resolved": "https://registry.npmjs.org/tailwind-merge/-/tailwind-merge-3.6.0.tgz",
      "integrity": "sha512-uxL7qAVQriqRQPAyK3pj66VqskWqoZ37PW94jwOTwNfq/z9oyu1V+eqrZqtR2+fCiXdYOZe/Modt8GtvqNzu+w==",
      "license": "MIT",
      "funding": {
        "type": "github",
        "url": "https://github.com/sponsors/dcastil"
      }
    },
    "node_modules/typescript": {
      "version": "5.9.3",
      "resolved": "https://registry.npmjs.org/typescript/-/typescript-5.9.3.tgz",
      "integrity": "sha512-jl1vZzPDinLr9eUt3J/t7V6FgNEw9QjvBPdysz9KfQDD41fQrC2Y4vKQdiaUpFT4bXlb1RHhLpp8wtm6M5TgSw==",
      "dev": true,
      "license": "Apache-2.0",
      "bin": {
        "tsc": "bin/tsc",
        "tsserver": "bin/tsserver"
      },
      "engines": {
        "node": ">=14.17"
      }
    },
    "node_modules/undici-types": {
      "version": "6.21.0",
      "resolved": "https://registry.npmjs.org/undici-types/-/undici-types-6.21.0.tgz",
      "integrity": "sha512-iwDZqg0QAGrg9Rav5H4n0M64c3mkR59cJ6wQp+7C4nI0gsmExaedaYLNO44eT4AtBBwjbTiGPMlt2Md0T9H9JQ==",
      "dev": true,
      "license": "MIT"
    },
    "node_modules/zod": {
      "version": "4.4.3",
      "resolved": "https://registry.npmjs.org/zod/-/zod-4.4.3.tgz",
      "integrity": "sha512-ytENFjIJFl2UwYglde2jchW2Hwm4GJFLDiSXWdTrJQBIN9Fcyp7n4DhxJEiWNAJMV1/BqWfW/kkg71UDcHJyTQ==",
      "license": "MIT",
      "funding": {
        "url": "https://github.com/sponsors/colinhacks"
      }
    }
  }
}
